
Microsoft Visual Studio Solution File, Format Version 12.00
# Visual Studio Version 16
VisualStudioVersion = 16.0.31515.178
MinimumVisualStudioVersion = 10.0.40219.1
Project("{FAE04EC0-301F-11D3-BF4B-00C04F79EFBC}") = "EmployeesApplication", "EmployeesApplication\EmployeesApplication.csproj", "{8A84F151-0F86-4A1E-A502-C3B1301E08B3}"
EndProject
Project("{FAE04EC0-301F-11D3-BF4B-00C04F79EFBC}") = "EmployeesService", "EmployeesService\EmployeesService.csproj", "{6D563D99-DB5D-404C-898D-518B1E90B757}"
EndProject
Project("{FAE04EC0-301F-11D3-BF4B-00C04F79EFBC}") = "EmplyeesEntity", "EmplyeesEntity\EmplyeesEntity.csproj", "{9476BCB2-8152-4697-B85D-AD25712F323E}"
EndProject
Global
	GlobalSection(SolutionConfigurationPlatforms) = preSolution
		Debug|Any CPU = Debug|Any CPU
		Release|Any CPU = Release|Any CPU
	EndGlobalSection
	GlobalSection(ProjectConfigurationPlatforms) = postSolution
		{8A84F151-0F86-4A1E-A502-C3B1301E08B3}.Debug|Any CPU.ActiveCfg = Debug|Any CPU
		{8A84F151-0F86-4A1E-A502-C3B1301E08B3}.Debug|Any CPU.Build.0 = Debug|Any CPU
		{8A84F151-0F86-4A1E-A502-C3B1301E08B3}.Release|Any CPU.ActiveCfg = Release|Any CPU
		{8A84F151-0F86-4A1E-A502-C3B1301E08B3}.Release|Any CPU.Build.0 = Release|Any CPU
		{6D563D99-DB5D-404C-898D-518B1E90B757}.Debug|Any CPU.ActiveCfg = Debug|Any CPU
		{6D563D99-DB5D-404C-898D-518B1E90B757}.Debug|Any CPU.Build.0 = Debug|Any CPU
		{6D563D99-DB5D-404C-898D-518B1E90B757}.Release|Any CPU.ActiveCfg = Release|Any CPU
		{6D563D99-DB5D-404C-898D-518B1E90B757}.Release|Any CPU.Build.0 = Release|Any CPU
		{9476BCB2-8152-4697-B85D-AD25712F323E}.Debug|Any CPU.ActiveCfg = Debug|Any CPU
		{9476BCB2-8152-4697-B85D-AD25712F323E}.Debug|Any CPU.Build.0 = Debug|Any CPU
		{9476BCB2-8152-4697-B85D-AD25712F323E}.Release|Any CPU.ActiveCfg = Release|Any CPU
		{9476BCB2-8152-4697-B85D-AD25712F323E}.Release|Any CPU.Build.0 = Release|Any CPU
	EndGlobalSection
	GlobalSection(SolutionProperties) = preSolution
		HideSolutionNode = FALSE
	EndGlobalSection
	GlobalSection(ExtensibilityGlobals) = postSolution
		SolutionGuid = {2DA567C3-D150-459D-9CE2-A759F6A2C503}
	EndGlobalSection
EndGlobal
